
Microsoft Visual Studio Solution File, Format Version 12.00
# Visual Studio Version 17
VisualStudioVersion = 17.11.35431.28
MinimumVisualStudioVersion = 10.0.40219.1
Project("{FAE04EC0-301F-11D3-BF4B-00C04F79EFBC}") = "TorokDonat_osztalyokGittel", "TorokDonat_osztalyokGittel.csproj", "{2B3323A0-2D2E-46CD-BC6A-C782BCAE922E}"
EndProject
Global
	GlobalSection(SolutionConfigurationPlatforms) = preSolution
		Debug|Any CPU = Debug|Any CPU
		Release|Any CPU = Release|Any CPU
	EndGlobalSection
	GlobalSection(ProjectConfigurationPlatforms) = postSolution
		{2B3323A0-2D2E-46CD-BC6A-C782BCAE922E}.Debug|Any CPU.ActiveCfg = Debug|Any CPU
		{2B3323A0-2D2E-46CD-BC6A-C782BCAE922E}.Debug|Any CPU.Build.0 = Debug|Any CPU
		{2B3323A0-2D2E-46CD-BC6A-C782BCAE922E}.Release|Any CPU.ActiveCfg = Release|Any CPU
		{2B3323A0-2D2E-46CD-BC6A-C782BCAE922E}.Release|Any CPU.Build.0 = Release|Any CPU
	EndGlobalSection
	GlobalSection(SolutionProperties) = preSolution
		HideSolutionNode = FALSE
	EndGlobalSection
	GlobalSection(ExtensibilityGlobals) = postSolution
		SolutionGuid = {14598BB4-AAF9-490E-B742-857272D78893}
	EndGlobalSection
EndGlobal
